
Microsoft Visual Studio Solution File, Format Version 12.00
# Visual Studio Version 17
VisualStudioVersion = 17.4.33213.308
MinimumVisualStudioVersion = 10.0.40219.1
Project("{FAE04EC0-301F-11D3-BF4B-00C04F79EFBC}") = "mathMagic", "mathMagic\mathMagic.csproj", "{5404C3D6-C0CF-43BF-8748-28A1371683BF}"
EndProject
Global
	GlobalSection(SolutionConfigurationPlatforms) = preSolution
		Debug|Any CPU = Debug|Any CPU
		Release|Any CPU = Release|Any CPU
	EndGlobalSection
	GlobalSection(ProjectConfigurationPlatforms) = postSolution
		{5404C3D6-C0CF-43BF-8748-28A1371683BF}.Debug|Any CPU.ActiveCfg = Debug|Any CPU
		{5404C3D6-C0CF-43BF-8748-28A1371683BF}.Debug|Any CPU.Build.0 = Debug|Any CPU
		{5404C3D6-C0CF-43BF-8748-28A1371683BF}.Release|Any CPU.ActiveCfg = Release|Any CPU
		{5404C3D6-C0CF-43BF-8748-28A1371683BF}.Release|Any CPU.Build.0 = Release|Any CPU
	EndGlobalSection
	GlobalSection(SolutionProperties) = preSolution
		HideSolutionNode = FALSE
	EndGlobalSection
	GlobalSection(ExtensibilityGlobals) = postSolution
		SolutionGuid = {0A985BFB-139D-42C4-846A-A5C8654D048C}
	EndGlobalSection
EndGlobal
